
Microsoft Visual Studio Solution File, Format Version 12.00
# Visual Studio 15
VisualStudioVersion = 15.0.27428.2015
MinimumVisualStudioVersion = 10.0.40219.1
Project("{FAE04EC0-301F-11D3-BF4B-00C04F79EFBC}") = "THFixit", "THFixit\THFixit.csproj", "{FDF30E0D-EB6C-47A0-9842-4F7CD90CEDE2}"
EndProject
Global
	GlobalSection(SolutionConfigurationPlatforms) = preSolution
		Debug|Any CPU = Debug|Any CPU
		Release|Any CPU = Release|Any CPU
	EndGlobalSection
	GlobalSection(ProjectConfigurationPlatforms) = postSolution
		{FDF30E0D-EB6C-47A0-9842-4F7CD90CEDE2}.Debug|Any CPU.ActiveCfg = Debug|Any CPU
		{FDF30E0D-EB6C-47A0-9842-4F7CD90CEDE2}.Debug|Any CPU.Build.0 = Debug|Any CPU
		{FDF30E0D-EB6C-47A0-9842-4F7CD90CEDE2}.Release|Any CPU.ActiveCfg = Release|Any CPU
		{FDF30E0D-EB6C-47A0-9842-4F7CD90CEDE2}.Release|Any CPU.Build.0 = Release|Any CPU
	EndGlobalSection
	GlobalSection(SolutionProperties) = preSolution
		HideSolutionNode = FALSE
	EndGlobalSection
	GlobalSection(ExtensibilityGlobals) = postSolution
		SolutionGuid = {C09E13C8-F897-4440-BC07-EC11EDBFDAF8}
	EndGlobalSection
EndGlobal
